
Microsoft Visual Studio Solution File, Format Version 12.00
# Visual Studio 15
VisualStudioVersion = 15.0.27428.2011
MinimumVisualStudioVersion = 10.0.40219.1
Project("{FAE04EC0-301F-11D3-BF4B-00C04F79EFBC}") = "Aubergine", "Aubergine\Aubergine.csproj", "{850A5B09-16ED-418B-BAD9-37E15B589A94}"
EndProject
Project("{FAE04EC0-301F-11D3-BF4B-00C04F79EFBC}") = "Game", "Game\Game.csproj", "{C0652E4D-D7B9-4D05-B74A-FA31F05BF89E}"
EndProject
Project("{FAE04EC0-301F-11D3-BF4B-00C04F79EFBC}") = "BirdGame", "PtichkaGame\BirdGame.csproj", "{FFA23A6A-D711-4679-AE03-91D777045788}"
EndProject
Global
	GlobalSection(SolutionConfigurationPlatforms) = preSolution
		Debug|Any CPU = Debug|Any CPU
		Release|Any CPU = Release|Any CPU
	EndGlobalSection
	GlobalSection(ProjectConfigurationPlatforms) = postSolution
		{850A5B09-16ED-418B-BAD9-37E15B589A94}.Debug|Any CPU.ActiveCfg = Debug|Any CPU
		{850A5B09-16ED-418B-BAD9-37E15B589A94}.Debug|Any CPU.Build.0 = Debug|Any CPU
		{850A5B09-16ED-418B-BAD9-37E15B589A94}.Release|Any CPU.ActiveCfg = Release|Any CPU
		{850A5B09-16ED-418B-BAD9-37E15B589A94}.Release|Any CPU.Build.0 = Release|Any CPU
		{C0652E4D-D7B9-4D05-B74A-FA31F05BF89E}.Debug|Any CPU.ActiveCfg = Debug|Any CPU
		{C0652E4D-D7B9-4D05-B74A-FA31F05BF89E}.Debug|Any CPU.Build.0 = Debug|Any CPU
		{C0652E4D-D7B9-4D05-B74A-FA31F05BF89E}.Release|Any CPU.ActiveCfg = Release|Any CPU
		{C0652E4D-D7B9-4D05-B74A-FA31F05BF89E}.Release|Any CPU.Build.0 = Release|Any CPU
		{FFA23A6A-D711-4679-AE03-91D777045788}.Debug|Any CPU.ActiveCfg = Debug|Any CPU
		{FFA23A6A-D711-4679-AE03-91D777045788}.Debug|Any CPU.Build.0 = Debug|Any CPU
		{FFA23A6A-D711-4679-AE03-91D777045788}.Release|Any CPU.ActiveCfg = Release|Any CPU
		{FFA23A6A-D711-4679-AE03-91D777045788}.Release|Any CPU.Build.0 = Release|Any CPU
	EndGlobalSection
	GlobalSection(SolutionProperties) = preSolution
		HideSolutionNode = FALSE
	EndGlobalSection
	GlobalSection(ExtensibilityGlobals) = postSolution
		SolutionGuid = {965F92B1-173B-457A-8CAB-73B004B18B21}
	EndGlobalSection
EndGlobal
